
Microsoft Visual Studio Solution File, Format Version 12.00
# Visual Studio Version 17
VisualStudioVersion = 17.3.32825.248
MinimumVisualStudioVersion = 10.0.40219.1
Project("{FAE04EC0-301F-11D3-BF4B-00C04F79EFBC}") = "LRUCache", "LRUCache.csproj", "{D3E38A41-C6D5-4C78-82FF-350B71267488}"
EndProject
Global
	GlobalSection(SolutionConfigurationPlatforms) = preSolution
		Debug|Any CPU = Debug|Any CPU
		Release|Any CPU = Release|Any CPU
	EndGlobalSection
	GlobalSection(ProjectConfigurationPlatforms) = postSolution
		{D3E38A41-C6D5-4C78-82FF-350B71267488}.Debug|Any CPU.ActiveCfg = Debug|Any CPU
		{D3E38A41-C6D5-4C78-82FF-350B71267488}.Debug|Any CPU.Build.0 = Debug|Any CPU
		{D3E38A41-C6D5-4C78-82FF-350B71267488}.Release|Any CPU.ActiveCfg = Release|Any CPU
		{D3E38A41-C6D5-4C78-82FF-350B71267488}.Release|Any CPU.Build.0 = Release|Any CPU
	EndGlobalSection
	GlobalSection(SolutionProperties) = preSolution
		HideSolutionNode = FALSE
	EndGlobalSection
	GlobalSection(ExtensibilityGlobals) = postSolution
		SolutionGuid = {59333E0D-F770-46B5-BE3A-0EA56BAF13A3}
	EndGlobalSection
EndGlobal
